
Microsoft Visual Studio Solution File, Format Version 12.00
# Visual Studio 15
VisualStudioVersion = 15.0.28307.489
MinimumVisualStudioVersion = 10.0.40219.1
Project("{FAE04EC0-301F-11D3-BF4B-00C04F79EFBC}") = "IT_Proekt_173032", "IT_Proekt_173032\IT_Proekt_173032.csproj", "{CCD82F1C-EB09-41C1-B2FF-41659B382304}"
EndProject
Global
	GlobalSection(SolutionConfigurationPlatforms) = preSolution
		Debug|Any CPU = Debug|Any CPU
		Release|Any CPU = Release|Any CPU
	EndGlobalSection
	GlobalSection(ProjectConfigurationPlatforms) = postSolution
		{CCD82F1C-EB09-41C1-B2FF-41659B382304}.Debug|Any CPU.ActiveCfg = Debug|Any CPU
		{CCD82F1C-EB09-41C1-B2FF-41659B382304}.Debug|Any CPU.Build.0 = Debug|Any CPU
		{CCD82F1C-EB09-41C1-B2FF-41659B382304}.Release|Any CPU.ActiveCfg = Release|Any CPU
		{CCD82F1C-EB09-41C1-B2FF-41659B382304}.Release|Any CPU.Build.0 = Release|Any CPU
	EndGlobalSection
	GlobalSection(SolutionProperties) = preSolution
		HideSolutionNode = FALSE
	EndGlobalSection
	GlobalSection(ExtensibilityGlobals) = postSolution
		SolutionGuid = {159308F7-620B-49BD-8007-1EF8554F1DB9}
	EndGlobalSection
EndGlobal
